
Microsoft Visual Studio Solution File, Format Version 12.00
# Visual Studio Version 16
VisualStudioVersion = 16.0.31729.503
MinimumVisualStudioVersion = 10.0.40219.1
Project("{FAE04EC0-301F-11D3-BF4B-00C04F79EFBC}") = "clientside", "clientside\clientside.csproj", "{B972C10B-3A64-467B-B12C-7B7C0216CA9A}"
EndProject
Global
	GlobalSection(SolutionConfigurationPlatforms) = preSolution
		Debug|Any CPU = Debug|Any CPU
		Release|Any CPU = Release|Any CPU
	EndGlobalSection
	GlobalSection(ProjectConfigurationPlatforms) = postSolution
		{B972C10B-3A64-467B-B12C-7B7C0216CA9A}.Debug|Any CPU.ActiveCfg = Debug|Any CPU
		{B972C10B-3A64-467B-B12C-7B7C0216CA9A}.Debug|Any CPU.Build.0 = Debug|Any CPU
		{B972C10B-3A64-467B-B12C-7B7C0216CA9A}.Release|Any CPU.ActiveCfg = Release|Any CPU
		{B972C10B-3A64-467B-B12C-7B7C0216CA9A}.Release|Any CPU.Build.0 = Release|Any CPU
	EndGlobalSection
	GlobalSection(SolutionProperties) = preSolution
		HideSolutionNode = FALSE
	EndGlobalSection
	GlobalSection(ExtensibilityGlobals) = postSolution
		SolutionGuid = {A95FCC77-2E51-43A9-AA7D-EA9CBB889068}
	EndGlobalSection
EndGlobal
